
Microsoft Visual Studio Solution File, Format Version 12.00
# Visual Studio Version 17
VisualStudioVersion = 17.9.34728.123
MinimumVisualStudioVersion = 10.0.40219.1
Project("{FAE04EC0-301F-11D3-BF4B-00C04F79EFBC}") = "Books", "Books.csproj", "{F3E447AD-83EF-4F47-B97A-033658E8DBBF}"
EndProject
Global
	GlobalSection(SolutionConfigurationPlatforms) = preSolution
		Debug|Any CPU = Debug|Any CPU
		Release|Any CPU = Release|Any CPU
	EndGlobalSection
	GlobalSection(ProjectConfigurationPlatforms) = postSolution
		{F3E447AD-83EF-4F47-B97A-033658E8DBBF}.Debug|Any CPU.ActiveCfg = Debug|Any CPU
		{F3E447AD-83EF-4F47-B97A-033658E8DBBF}.Debug|Any CPU.Build.0 = Debug|Any CPU
		{F3E447AD-83EF-4F47-B97A-033658E8DBBF}.Release|Any CPU.ActiveCfg = Release|Any CPU
		{F3E447AD-83EF-4F47-B97A-033658E8DBBF}.Release|Any CPU.Build.0 = Release|Any CPU
	EndGlobalSection
	GlobalSection(SolutionProperties) = preSolution
		HideSolutionNode = FALSE
	EndGlobalSection
	GlobalSection(ExtensibilityGlobals) = postSolution
		SolutionGuid = {D5F7F295-731B-4AD3-ACC1-21C84474393F}
	EndGlobalSection
EndGlobal
